
Microsoft Visual Studio Solution File, Format Version 12.00
Project("{FAE04EC0-301F-11D3-BF4B-00C04F79EFBC}") = "tictactoe", "tictactoe\tictactoe.csproj", "{6BB26F30-A098-45DC-97E6-59AB92FB93B1}"
EndProject
Global
	GlobalSection(SolutionConfigurationPlatforms) = preSolution
		Debug|Any CPU = Debug|Any CPU
		Release|Any CPU = Release|Any CPU
	EndGlobalSection
	GlobalSection(ProjectConfigurationPlatforms) = postSolution
		{6BB26F30-A098-45DC-97E6-59AB92FB93B1}.Debug|Any CPU.ActiveCfg = Debug|Any CPU
		{6BB26F30-A098-45DC-97E6-59AB92FB93B1}.Debug|Any CPU.Build.0 = Debug|Any CPU
		{6BB26F30-A098-45DC-97E6-59AB92FB93B1}.Release|Any CPU.ActiveCfg = Release|Any CPU
		{6BB26F30-A098-45DC-97E6-59AB92FB93B1}.Release|Any CPU.Build.0 = Release|Any CPU
	EndGlobalSection
EndGlobal
